
Microsoft Visual Studio Solution File, Format Version 12.00
# Visual Studio Version 17
VisualStudioVersion = 17.10.35027.167
MinimumVisualStudioVersion = 10.0.40219.1
Project("{FAE04EC0-301F-11D3-BF4B-00C04F79EFBC}") = "TestApplication.API", "TestApplication.API\TestApplication.API.csproj", "{AAE347C8-5937-4C7E-8B08-3436F136C572}"
EndProject
Global
	GlobalSection(SolutionConfigurationPlatforms) = preSolution
		Debug|Any CPU = Debug|Any CPU
		Release|Any CPU = Release|Any CPU
	EndGlobalSection
	GlobalSection(ProjectConfigurationPlatforms) = postSolution
		{AAE347C8-5937-4C7E-8B08-3436F136C572}.Debug|Any CPU.ActiveCfg = Debug|Any CPU
		{AAE347C8-5937-4C7E-8B08-3436F136C572}.Debug|Any CPU.Build.0 = Debug|Any CPU
		{AAE347C8-5937-4C7E-8B08-3436F136C572}.Release|Any CPU.ActiveCfg = Release|Any CPU
		{AAE347C8-5937-4C7E-8B08-3436F136C572}.Release|Any CPU.Build.0 = Release|Any CPU
	EndGlobalSection
	GlobalSection(SolutionProperties) = preSolution
		HideSolutionNode = FALSE
	EndGlobalSection
	GlobalSection(ExtensibilityGlobals) = postSolution
		SolutionGuid = {695CAC88-F271-43B7-A61A-A7965319387D}
	EndGlobalSection
EndGlobal
